// !$*UTF8*$!
{
	archiveVersion = 1;
	classes = {
	};
	objectVersion = 46;
	objects = {

/* Begin PBXBuildFile section */
		AE13E5E419E3153800264C10 /* LoginViewController.swift in Sources */ = {isa = PBXBuildFile; fileRef = AE13E5B919E3153800264C10 /* LoginViewController.swift */; };
		AE13E5E519E3153800264C10 /* LoginViewController.swift in Sources */ = {isa = PBXBuildFile; fileRef = AE13E5B919E3153800264C10 /* LoginViewController.swift */; };
		AE13E5E619E3153800264C10 /* LoginViewController.xib in Resources */ = {isa = PBXBuildFile; fileRef = AE13E5BA19E3153800264C10 /* LoginViewController.xib */; };
		AE13E5E719E3153800264C10 /* LoginViewController.xib in Resources */ = {isa = PBXBuildFile; fileRef = AE13E5BA19E3153800264C10 /* LoginViewController.xib */; };
		AE13E5E819E3153800264C10 /* MapKitViewController.swift in Sources */ = {isa = PBXBuildFile; fileRef = AE13E5BC19E3153800264C10 /* MapKitViewController.swift */; };
		AE13E5E919E3153800264C10 /* MapKitViewController.swift in Sources */ = {isa = PBXBuildFile; fileRef = AE13E5BC19E3153800264C10 /* MapKitViewController.swift */; };
		AE13E5EA19E3153800264C10 /* MapKitViewController.xib in Resources */ = {isa = PBXBuildFile; fileRef = AE13E5BD19E3153800264C10 /* MapKitViewController.xib */; };
		AE13E5EB19E3153800264C10 /* MapKitViewController.xib in Resources */ = {isa = PBXBuildFile; fileRef = AE13E5BD19E3153800264C10 /* MapKitViewController.xib */; };
		AE13E5EC19E3153800264C10 /* MessagingTableViewCell.swift in Sources */ = {isa = PBXBuildFile; fileRef = AE13E5BF19E3153800264C10 /* MessagingTableViewCell.swift */; };
		AE13E5ED19E3153800264C10 /* MessagingTableViewCell.swift in Sources */ = {isa = PBXBuildFile; fileRef = AE13E5BF19E3153800264C10 /* MessagingTableViewCell.swift */; };
		AE13E5EE19E3153800264C10 /* MessagingTableViewCell.xib in Resources */ = {isa = PBXBuildFile; fileRef = AE13E5C019E3153800264C10 /* MessagingTableViewCell.xib */; };
		AE13E5EF19E3153800264C10 /* MessagingTableViewCell.xib in Resources */ = {isa = PBXBuildFile; fileRef = AE13E5C019E3153800264C10 /* MessagingTableViewCell.xib */; };
		AE13E5F019E3153800264C10 /* MessagingViewController.swift in Sources */ = {isa = PBXBuildFile; fileRef = AE13E5C119E3153800264C10 /* MessagingViewController.swift */; };
		AE13E5F119E3153800264C10 /* MessagingViewController.swift in Sources */ = {isa = PBXBuildFile; fileRef = AE13E5C119E3153800264C10 /* MessagingViewController.swift */; };
		AE13E5F219E3153800264C10 /* MessagingViewController.xib in Resources */ = {isa = PBXBuildFile; fileRef = AE13E5C219E3153800264C10 /* MessagingViewController.xib */; };
		AE13E5F319E3153800264C10 /* MessagingViewController.xib in Resources */ = {isa = PBXBuildFile; fileRef = AE13E5C219E3153800264C10 /* MessagingViewController.xib */; };
		AE13E5F419E3153800264C10 /* MFMailViewController.swift in Sources */ = {isa = PBXBuildFile; fileRef = AE13E5C419E3153800264C10 /* MFMailViewController.swift */; };
		AE13E5F519E3153800264C10 /* MFMailViewController.swift in Sources */ = {isa = PBXBuildFile; fileRef = AE13E5C419E3153800264C10 /* MFMailViewController.swift */; };
		AE13E5F619E3153800264C10 /* MFMailViewController.xib in Resources */ = {isa = PBXBuildFile; fileRef = AE13E5C519E3153800264C10 /* MFMailViewController.xib */; };
		AE13E5F719E3153800264C10 /* MFMailViewController.xib in Resources */ = {isa = PBXBuildFile; fileRef = AE13E5C519E3153800264C10 /* MFMailViewController.xib */; };
		AE13E5FC19E3153800264C10 /* PickerViewController.swift in Sources */ = {isa = PBXBuildFile; fileRef = AE13E5CA19E3153800264C10 /* PickerViewController.swift */; };
		AE13E5FD19E3153800264C10 /* PickerViewController.swift in Sources */ = {isa = PBXBuildFile; fileRef = AE13E5CA19E3153800264C10 /* PickerViewController.swift */; };
		AE13E5FE19E3153800264C10 /* PickerViewController.xib in Resources */ = {isa = PBXBuildFile; fileRef = AE13E5CB19E3153800264C10 /* PickerViewController.xib */; };
		AE13E5FF19E3153800264C10 /* PickerViewController.xib in Resources */ = {isa = PBXBuildFile; fileRef = AE13E5CB19E3153800264C10 /* PickerViewController.xib */; };
		AE13E60019E3153800264C10 /* ProductDetailViewController.swift in Sources */ = {isa = PBXBuildFile; fileRef = AE13E5CD19E3153800264C10 /* ProductDetailViewController.swift */; };
		AE13E60119E3153800264C10 /* ProductDetailViewController.swift in Sources */ = {isa = PBXBuildFile; fileRef = AE13E5CD19E3153800264C10 /* ProductDetailViewController.swift */; };
		AE13E60219E3153800264C10 /* ProductDetailViewController.xib in Resources */ = {isa = PBXBuildFile; fileRef = AE13E5CE19E3153800264C10 /* ProductDetailViewController.xib */; };
		AE13E60319E3153800264C10 /* ProductDetailViewController.xib in Resources */ = {isa = PBXBuildFile; fileRef = AE13E5CE19E3153800264C10 /* ProductDetailViewController.xib */; };
		AE13E60419E3153800264C10 /* ProductsViewController.swift in Sources */ = {isa = PBXBuildFile; fileRef = AE13E5D019E3153800264C10 /* ProductsViewController.swift */; };
		AE13E60519E3153800264C10 /* ProductsViewController.swift in Sources */ = {isa = PBXBuildFile; fileRef = AE13E5D019E3153800264C10 /* ProductsViewController.swift */; };
		AE13E60619E3153800264C10 /* ProductsViewController.xib in Resources */ = {isa = PBXBuildFile; fileRef = AE13E5D119E3153800264C10 /* ProductsViewController.xib */; };
		AE13E60719E3153800264C10 /* ProductsViewController.xib in Resources */ = {isa = PBXBuildFile; fileRef = AE13E5D119E3153800264C10 /* ProductsViewController.xib */; };
		AE13E60819E3153800264C10 /* SettingsViewController.swift in Sources */ = {isa = PBXBuildFile; fileRef = AE13E5D319E3153800264C10 /* SettingsViewController.swift */; };
		AE13E60919E3153800264C10 /* SettingsViewController.swift in Sources */ = {isa = PBXBuildFile; fileRef = AE13E5D319E3153800264C10 /* SettingsViewController.swift */; };
		AE13E60A19E3153800264C10 /* SettingsViewController.xib in Resources */ = {isa = PBXBuildFile; fileRef = AE13E5D419E3153800264C10 /* SettingsViewController.xib */; };
		AE13E60B19E3153800264C10 /* SettingsViewController.xib in Resources */ = {isa = PBXBuildFile; fileRef = AE13E5D419E3153800264C10 /* SettingsViewController.xib */; };
		AE13E60C19E3153800264C10 /* TimerViewController.swift in Sources */ = {isa = PBXBuildFile; fileRef = AE13E5D619E3153800264C10 /* TimerViewController.swift */; };
		AE13E60D19E3153800264C10 /* TimerViewController.swift in Sources */ = {isa = PBXBuildFile; fileRef = AE13E5D619E3153800264C10 /* TimerViewController.swift */; };
		AE13E60E19E3153800264C10 /* TimerViewController.xib in Resources */ = {isa = PBXBuildFile; fileRef = AE13E5D719E3153800264C10 /* TimerViewController.xib */; };
		AE13E60F19E3153800264C10 /* TimerViewController.xib in Resources */ = {isa = PBXBuildFile; fileRef = AE13E5D719E3153800264C10 /* TimerViewController.xib */; };
		AE13E61019E3153800264C10 /* UserProfileViewController.swift in Sources */ = {isa = PBXBuildFile; fileRef = AE13E5D919E3153800264C10 /* UserProfileViewController.swift */; };
		AE13E61119E3153800264C10 /* UserProfileViewController.swift in Sources */ = {isa = PBXBuildFile; fileRef = AE13E5D919E3153800264C10 /* UserProfileViewController.swift */; };
		AE13E61219E3153800264C10 /* UserProfileViewController.xib in Resources */ = {isa = PBXBuildFile; fileRef = AE13E5DA19E3153800264C10 /* UserProfileViewController.xib */; };
		AE13E61319E3153800264C10 /* UserProfileViewController.xib in Resources */ = {isa = PBXBuildFile; fileRef = AE13E5DA19E3153800264C10 /* UserProfileViewController.xib */; };
		AE13E61419E3153800264C10 /* WebViewController.swift in Sources */ = {isa = PBXBuildFile; fileRef = AE13E5DC19E3153800264C10 /* WebViewController.swift */; };
		AE13E61519E3153800264C10 /* WebViewController.swift in Sources */ = {isa = PBXBuildFile; fileRef = AE13E5DC19E3153800264C10 /* WebViewController.swift */; };
		AE13E61619E3153800264C10 /* WebViewController.xib in Resources */ = {isa = PBXBuildFile; fileRef = AE13E5DD19E3153800264C10 /* WebViewController.xib */; };
		AE13E61719E3153800264C10 /* WebViewController.xib in Resources */ = {isa = PBXBuildFile; fileRef = AE13E5DD19E3153800264C10 /* WebViewController.xib */; };
		AE36AF5119E2F5B0005B4E50 /* AppDelegate.swift in Sources */ = {isa = PBXBuildFile; fileRef = AE36AF5019E2F5B0005B4E50 /* AppDelegate.swift */; };
		AE36AF5319E2F5B0005B4E50 /* ViewController.swift in Sources */ = {isa = PBXBuildFile; fileRef = AE36AF5219E2F5B0005B4E50 /* ViewController.swift */; };
		AE36AF5619E2F5B0005B4E50 /* Main.storyboard in Resources */ = {isa = PBXBuildFile; fileRef = AE36AF5419E2F5B0005B4E50 /* Main.storyboard */; };
		AE36AF5819E2F5B0005B4E50 /* Images.xcassets in Resources */ = {isa = PBXBuildFile; fileRef = AE36AF5719E2F5B0005B4E50 /* Images.xcassets */; };
		AE36AF5B19E2F5B0005B4E50 /* LaunchScreen.xib in Resources */ = {isa = PBXBuildFile; fileRef = AE36AF5919E2F5B0005B4E50 /* LaunchScreen.xib */; };
		AE36AF6719E2F5B0005B4E50 /* TestAppTests.swift in Sources */ = {isa = PBXBuildFile; fileRef = AE36AF6619E2F5B0005B4E50 /* TestAppTests.swift */; };
/* End PBXBuildFile section */

/* Begin PBXContainerItemProxy section */
		AE36AF6119E2F5B0005B4E50 /* PBXContainerItemProxy */ = {
			isa = PBXContainerItemProxy;
			containerPortal = AE36AF4319E2F5B0005B4E50 /* Project object */;
			proxyType = 1;
			remoteGlobalIDString = AE36AF4A19E2F5B0005B4E50;
			remoteInfo = TestApp;
		};
/* End PBXContainerItemProxy section */

/* Begin PBXFileReference section */
		AE13E5B919E3153800264C10 /* LoginViewController.swift */ = {isa = PBXFileReference; fileEncoding = 4; lastKnownFileType = sourcecode.swift; path = LoginViewController.swift; sourceTree = "<group>"; };
		AE13E5BA19E3153800264C10 /* LoginViewController.xib */ = {isa = PBXFileReference; fileEncoding = 4; lastKnownFileType = file.xib; path = LoginViewController.xib; sourceTree = "<group>"; };
		AE13E5BC19E3153800264C10 /* MapKitViewController.swift */ = {isa = PBXFileReference; fileEncoding = 4; lastKnownFileType = sourcecode.swift; path = MapKitViewController.swift; sourceTree = "<group>"; };
		AE13E5BD19E3153800264C10 /* MapKitViewController.xib */ = {isa = PBXFileReference; fileEncoding = 4; lastKnownFileType = file.xib; path = MapKitViewController.xib; sourceTree = "<group>"; };
		AE13E5BF19E3153800264C10 /* MessagingTableViewCell.swift */ = {isa = PBXFileReference; fileEncoding = 4; lastKnownFileType = sourcecode.swift; path = MessagingTableViewCell.swift; sourceTree = "<group>"; };
		AE13E5C019E3153800264C10 /* MessagingTableViewCell.xib */ = {isa = PBXFileReference; fileEncoding = 4; lastKnownFileType = file.xib; path = MessagingTableViewCell.xib; sourceTree = "<group>"; };
		AE13E5C119E3153800264C10 /* MessagingViewController.swift */ = {isa = PBXFileReference; fileEncoding = 4; lastKnownFileType = sourcecode.swift; path = MessagingViewController.swift; sourceTree = "<group>"; };
		AE13E5C219E3153800264C10 /* MessagingViewController.xib */ = {isa = PBXFileReference; fileEncoding = 4; lastKnownFileType = file.xib; path = MessagingViewController.xib; sourceTree = "<group>"; };
		AE13E5C419E3153800264C10 /* MFMailViewController.swift */ = {isa = PBXFileReference; fileEncoding = 4; lastKnownFileType = sourcecode.swift; path = MFMailViewController.swift; sourceTree = "<group>"; };
		AE13E5C519E3153800264C10 /* MFMailViewController.xib */ = {isa = PBXFileReference; fileEncoding = 4; lastKnownFileType = file.xib; path = MFMailViewController.xib; sourceTree = "<group>"; };
		AE13E5CA19E3153800264C10 /* PickerViewController.swift */ = {isa = PBXFileReference; fileEncoding = 4; lastKnownFileType = sourcecode.swift; path = PickerViewController.swift; sourceTree = "<group>"; };
		AE13E5CB19E3153800264C10 /* PickerViewController.xib */ = {isa = PBXFileReference; fileEncoding = 4; lastKnownFileType = file.xib; path = PickerViewController.xib; sourceTree = "<group>"; };
		AE13E5CD19E3153800264C10 /* ProductDetailViewController.swift */ = {isa = PBXFileReference; fileEncoding = 4; lastKnownFileType = sourcecode.swift; path = ProductDetailViewController.swift; sourceTree = "<group>"; };
		AE13E5CE19E3153800264C10 /* ProductDetailViewController.xib */ = {isa = PBXFileReference; fileEncoding = 4; lastKnownFileType = file.xib; path = ProductDetailViewController.xib; sourceTree = "<group>"; };
		AE13E5D019E3153800264C10 /* ProductsViewController.swift */ = {isa = PBXFileReference; fileEncoding = 4; lastKnownFileType = sourcecode.swift; path = ProductsViewController.swift; sourceTree = "<group>"; };
		AE13E5D119E3153800264C10 /* ProductsViewController.xib */ = {isa = PBXFileReference; fileEncoding = 4; lastKnownFileType = file.xib; path = ProductsViewController.xib; sourceTree = "<group>"; };
		AE13E5D319E3153800264C10 /* SettingsViewController.swift */ = {isa = PBXFileReference; fileEncoding = 4; lastKnownFileType = sourcecode.swift; path = SettingsViewController.swift; sourceTree = "<group>"; };
		AE13E5D419E3153800264C10 /* SettingsViewController.xib */ = {isa = PBXFileReference; fileEncoding = 4; lastKnownFileType = file.xib; path = SettingsViewController.xib; sourceTree = "<group>"; };
		AE13E5D619E3153800264C10 /* TimerViewController.swift */ = {isa = PBXFileReference; fileEncoding = 4; lastKnownFileType = sourcecode.swift; path = TimerViewController.swift; sourceTree = "<group>"; };
		AE13E5D719E3153800264C10 /* TimerViewController.xib */ = {isa = PBXFileReference; fileEncoding = 4; lastKnownFileType = file.xib; path = TimerViewController.xib; sourceTree = "<group>"; };
		AE13E5D919E3153800264C10 /* UserProfileViewController.swift */ = {isa = PBXFileReference; fileEncoding = 4; lastKnownFileType = sourcecode.swift; path = UserProfileViewController.swift; sourceTree = "<group>"; };
		AE13E5DA19E3153800264C10 /* UserProfileViewController.xib */ = {isa = PBXFileReference; fileEncoding = 4; lastKnownFileType = file.xib; path = UserProfileViewController.xib; sourceTree = "<group>"; };
		AE13E5DC19E3153800264C10 /* WebViewController.swift */ = {isa = PBXFileReference; fileEncoding = 4; lastKnownFileType = sourcecode.swift; path = WebViewController.swift; sourceTree = "<group>"; };
		AE13E5DD19E3153800264C10 /* WebViewController.xib */ = {isa = PBXFileReference; fileEncoding = 4; lastKnownFileType = file.xib; path = WebViewController.xib; sourceTree = "<group>"; };
		AE36AF4B19E2F5B0005B4E50 /* TestApp.app */ = {isa = PBXFileReference; explicitFileType = wrapper.application; includeInIndex = 0; path = TestApp.app; sourceTree = BUILT_PRODUCTS_DIR; };
		AE36AF4F19E2F5B0005B4E50 /* Info.plist */ = {isa = PBXFileReference; lastKnownFileType = text.plist.xml; path = Info.plist; sourceTree = "<group>"; };
		AE36AF5019E2F5B0005B4E50 /* AppDelegate.swift */ = {isa = PBXFileReference; lastKnownFileType = sourcecode.swift; path = AppDelegate.swift; sourceTree = "<group>"; };
		AE36AF5219E2F5B0005B4E50 /* ViewController.swift */ = {isa = PBXFileReference; lastKnownFileType = sourcecode.swift; path = ViewController.swift; sourceTree = "<group>"; };
		AE36AF5519E2F5B0005B4E50 /* Base */ = {isa = PBXFileReference; lastKnownFileType = file.storyboard; name = Base; path = Base.lproj/Main.storyboard; sourceTree = "<group>"; };
		AE36AF5719E2F5B0005B4E50 /* Images.xcassets */ = {isa = PBXFileReference; lastKnownFileType = folder.assetcatalog; path = Images.xcassets; sourceTree = "<group>"; };
		AE36AF5A19E2F5B0005B4E50 /* Base */ = {isa = PBXFileReference; lastKnownFileType = file.xib; name = Base; path = Base.lproj/LaunchScreen.xib; sourceTree = "<group>"; };
		AE36AF6019E2F5B0005B4E50 /* TestAppTests.xctest */ = {isa = PBXFileReference; explicitFileType = wrapper.cfbundle; includeInIndex = 0; path = TestAppTests.xctest; sourceTree = BUILT_PRODUCTS_DIR; };
		AE36AF6519E2F5B0005B4E50 /* Info.plist */ = {isa = PBXFileReference; lastKnownFileType = text.plist.xml; path = Info.plist; sourceTree = "<group>"; };
		AE36AF6619E2F5B0005B4E50 /* TestAppTests.swift */ = {isa = PBXFileReference; lastKnownFileType = sourcecode.swift; path = TestAppTests.swift; sourceTree = "<group>"; };
/* End PBXFileReference section */

/* Begin PBXFrameworksBuildPhase section */
		AE36AF4819E2F5B0005B4E50 /* Frameworks */ = {
			isa = PBXFrameworksBuildPhase;
			buildActionMask = 2147483647;
			files = (
			);
			runOnlyForDeploymentPostprocessing = 0;
		};
		AE36AF5D19E2F5B0005B4E50 /* Frameworks */ = {
			isa = PBXFrameworksBuildPhase;
			buildActionMask = 2147483647;
			files = (
			);
			runOnlyForDeploymentPostprocessing = 0;
		};
/* End PBXFrameworksBuildPhase section */

/* Begin PBXGroup section */
		AE13E5B319E3153800264C10 /* ViewControllers */ = {
			isa = PBXGroup;
			children = (
				AE13E5B819E3153800264C10 /* LoginViewController */,
				AE13E5BB19E3153800264C10 /* MapKitViewController */,
				AE13E5BE19E3153800264C10 /* MessagingViewController */,
				AE13E5C319E3153800264C10 /* MFMailViewController */,
				AE13E5C919E3153800264C10 /* PickerViewController */,
				AE13E5CC19E3153800264C10 /* ProductDetailViewController */,
				AE13E5CF19E3153800264C10 /* ProductsViewController */,
				AE13E5D219E3153800264C10 /* SettingsViewController */,
				AE13E5D519E3153800264C10 /* TimerViewController */,
				AE13E5D819E3153800264C10 /* UserProfileViewController */,
				AE13E5DB19E3153800264C10 /* WebViewController */,
			);
			name = ViewControllers;
			path = ../../../Fabcasa/ViewControllers;
			sourceTree = "<group>";
		};
		AE13E5B819E3153800264C10 /* LoginViewController */ = {
			isa = PBXGroup;
			children = (
				AE13E5B919E3153800264C10 /* LoginViewController.swift */,
				AE13E5BA19E3153800264C10 /* LoginViewController.xib */,
			);
			path = LoginViewController;
			sourceTree = "<group>";
		};
		AE13E5BB19E3153800264C10 /* MapKitViewController */ = {
			isa = PBXGroup;
			children = (
				AE13E5BC19E3153800264C10 /* MapKitViewController.swift */,
				AE13E5BD19E3153800264C10 /* MapKitViewController.xib */,
			);
			path = MapKitViewController;
			sourceTree = "<group>";
		};
		AE13E5BE19E3153800264C10 /* MessagingViewController */ = {
			isa = PBXGroup;
			children = (
				AE13E5BF19E3153800264C10 /* MessagingTableViewCell.swift */,
				AE13E5C019E3153800264C10 /* MessagingTableViewCell.xib */,
				AE13E5C119E3153800264C10 /* MessagingViewController.swift */,
				AE13E5C219E3153800264C10 /* MessagingViewController.xib */,
			);
			path = MessagingViewController;
			sourceTree = "<group>";
		};
		AE13E5C319E3153800264C10 /* MFMailViewController */ = {
			isa = PBXGroup;
			children = (
				AE13E5C419E3153800264C10 /* MFMailViewController.swift */,
				AE13E5C519E3153800264C10 /* MFMailViewController.xib */,
			);
			path = MFMailViewController;
			sourceTree = "<group>";
		};
		AE13E5C919E3153800264C10 /* PickerViewController */ = {
			isa = PBXGroup;
			children = (
				AE13E5CA19E3153800264C10 /* PickerViewController.swift */,
				AE13E5CB19E3153800264C10 /* PickerViewController.xib */,
			);
			path = PickerViewController;
			sourceTree = "<group>";
		};
		AE13E5CC19E3153800264C10 /* ProductDetailViewController */ = {
			isa = PBXGroup;
			children = (
				AE13E5CD19E3153800264C10 /* ProductDetailViewController.swift */,
				AE13E5CE19E3153800264C10 /* ProductDetailViewController.xib */,
			);
			path = ProductDetailViewController;
			sourceTree = "<group>";
		};
		AE13E5CF19E3153800264C10 /* ProductsViewController */ = {
			isa = PBXGroup;
			children = (
				AE13E5D019E3153800264C10 /* ProductsViewController.swift */,
				AE13E5D119E3153800264C10 /* ProductsViewController.xib */,
			);
			path = ProductsViewController;
			sourceTree = "<group>";
		};
		AE13E5D219E3153800264C10 /* SettingsViewController */ = {
			isa = PBXGroup;
			children = (
				AE13E5D319E3153800264C10 /* SettingsViewController.swift */,
				AE13E5D419E3153800264C10 /* SettingsViewController.xib */,
			);
			path = SettingsViewController;
			sourceTree = "<group>";
		};
		AE13E5D519E3153800264C10 /* TimerViewController */ = {
			isa = PBXGroup;
			children = (
				AE13E5D619E3153800264C10 /* TimerViewController.swift */,
				AE13E5D719E3153800264C10 /* TimerViewController.xib */,
			);
			path = TimerViewController;
			sourceTree = "<group>";
		};
		AE13E5D819E3153800264C10 /* UserProfileViewController */ = {
			isa = PBXGroup;
			children = (
				AE13E5D919E3153800264C10 /* UserProfileViewController.swift */,
				AE13E5DA19E3153800264C10 /* UserProfileViewController.xib */,
			);
			path = UserProfileViewController;
			sourceTree = "<group>";
		};
		AE13E5DB19E3153800264C10 /* WebViewController */ = {
			isa = PBXGroup;
			children = (
				AE13E5DC19E3153800264C10 /* WebViewController.swift */,
				AE13E5DD19E3153800264C10 /* WebViewController.xib */,
			);
			path = WebViewController;
			sourceTree = "<group>";
		};
		AE36AF4219E2F5B0005B4E50 = {
			isa = PBXGroup;
			children = (
				AE36AF4D19E2F5B0005B4E50 /* TestApp */,
				AE36AF6319E2F5B0005B4E50 /* TestAppTests */,
				AE36AF4C19E2F5B0005B4E50 /* Products */,
			);
			sourceTree = "<group>";
		};
		AE36AF4C19E2F5B0005B4E50 /* Products */ = {
			isa = PBXGroup;
			children = (
				AE36AF4B19E2F5B0005B4E50 /* TestApp.app */,
				AE36AF6019E2F5B0005B4E50 /* TestAppTests.xctest */,
			);
			name = Products;
			sourceTree = "<group>";
		};
		AE36AF4D19E2F5B0005B4E50 /* TestApp */ = {
			isa = PBXGroup;
			children = (
				AE13E5B319E3153800264C10 /* ViewControllers */,
				AE36AF5019E2F5B0005B4E50 /* AppDelegate.swift */,
				AE36AF5219E2F5B0005B4E50 /* ViewController.swift */,
				AE36AF5419E2F5B0005B4E50 /* Main.storyboard */,
				AE36AF5719E2F5B0005B4E50 /* Images.xcassets */,
				AE36AF5919E2F5B0005B4E50 /* LaunchScreen.xib */,
				AE36AF4E19E2F5B0005B4E50 /* Supporting Files */,
			);
			path = TestApp;
			sourceTree = "<group>";
		};
		AE36AF4E19E2F5B0005B4E50 /* Supporting Files */ = {
			isa = PBXGroup;
			children = (
				AE36AF4F19E2F5B0005B4E50 /* Info.plist */,
			);
			name = "Supporting Files";
			sourceTree = "<group>";
		};
		AE36AF6319E2F5B0005B4E50 /* TestAppTests */ = {
			isa = PBXGroup;
			children = (
				AE36AF6619E2F5B0005B4E50 /* TestAppTests.swift */,
				AE36AF6419E2F5B0005B4E50 /* Supporting Files */,
			);
			path = TestAppTests;
			sourceTree = "<group>";
		};
		AE36AF6419E2F5B0005B4E50 /* Supporting Files */ = {
			isa = PBXGroup;
			children = (
				AE36AF6519E2F5B0005B4E50 /* Info.plist */,
			);
			name = "Supporting Files";
			sourceTree = "<group>";
		};
/* End PBXGroup section */

/* Begin PBXNativeTarget section */
		AE36AF4A19E2F5B0005B4E50 /* TestApp */ = {
			isa = PBXNativeTarget;
			buildConfigurationList = AE36AF6A19E2F5B0005B4E50 /* Build configuration list for PBXNativeTarget "TestApp" */;
			buildPhases = (
				AE36AF4719E2F5B0005B4E50 /* Sources */,
				AE36AF4819E2F5B0005B4E50 /* Frameworks */,
				AE36AF4919E2F5B0005B4E50 /* Resources */,
			);
			buildRules = (
			);
			dependencies = (
			);
			name = TestApp;
			productName = TestApp;
			productReference = AE36AF4B19E2F5B0005B4E50 /* TestApp.app */;
			productType = "com.apple.product-type.application";
		};
		AE36AF5F19E2F5B0005B4E50 /* TestAppTests */ = {
			isa = PBXNativeTarget;
			buildConfigurationList = AE36AF6D19E2F5B0005B4E50 /* Build configuration list for PBXNativeTarget "TestAppTests" */;
			buildPhases = (
				AE36AF5C19E2F5B0005B4E50 /* Sources */,
				AE36AF5D19E2F5B0005B4E50 /* Frameworks */,
				AE36AF5E19E2F5B0005B4E50 /* Resources */,
			);
			buildRules = (
			);
			dependencies = (
				AE36AF6219E2F5B0005B4E50 /* PBXTargetDependency */,
			);
			name = TestAppTests;
			productName = TestAppTests;
			productReference = AE36AF6019E2F5B0005B4E50 /* TestAppTests.xctest */;
			productType = "com.apple.product-type.bundle.unit-test";
		};
/* End PBXNativeTarget section */

/* Begin PBXProject section */
		AE36AF4319E2F5B0005B4E50 /* Project object */ = {
			isa = PBXProject;
			attributes = {
				LastUpgradeCheck = 0600;
				ORGANIZATIONNAME = mschmulen;
				TargetAttributes = {
					AE36AF4A19E2F5B0005B4E50 = {
						CreatedOnToolsVersion = 6.0.1;
					};
					AE36AF5F19E2F5B0005B4E50 = {
						CreatedOnToolsVersion = 6.0.1;
						TestTargetID = AE36AF4A19E2F5B0005B4E50;
					};
				};
			};
			buildConfigurationList = AE36AF4619E2F5B0005B4E50 /* Build configuration list for PBXProject "TestApp" */;
			compatibilityVersion = "Xcode 3.2";
			developmentRegion = English;
			hasScannedForEncodings = 0;
			knownRegions = (
				en,
				Base,
			);
			mainGroup = AE36AF4219E2F5B0005B4E50;
			productRefGroup = AE36AF4C19E2F5B0005B4E50 /* Products */;
			projectDirPath = "";
			projectRoot = "";
			targets = (
				AE36AF4A19E2F5B0005B4E50 /* TestApp */,
				AE36AF5F19E2F5B0005B4E50 /* TestAppTests */,
			);
		};
/* End PBXProject section */

/* Begin PBXResourcesBuildPhase section */
		AE36AF4919E2F5B0005B4E50 /* Resources */ = {
			isa = PBXResourcesBuildPhase;
			buildActionMask = 2147483647;
			files = (
				AE13E5EA19E3153800264C10 /* MapKitViewController.xib in Resources */,
				AE13E5F219E3153800264C10 /* MessagingViewController.xib in Resources */,
				AE13E5E619E3153800264C10 /* LoginViewController.xib in Resources */,
				AE13E60E19E3153800264C10 /* TimerViewController.xib in Resources */,
				AE13E5FE19E3153800264C10 /* PickerViewController.xib in Resources */,
				AE13E5EE19E3153800264C10 /* MessagingTableViewCell.xib in Resources */,
				AE13E60A19E3153800264C10 /* SettingsViewController.xib in Resources */,
				AE13E5F619E3153800264C10 /* MFMailViewController.xib in Resources */,
				AE36AF5619E2F5B0005B4E50 /* Main.storyboard in Resources */,
				AE36AF5B19E2F5B0005B4E50 /* LaunchScreen.xib in Resources */,
				AE13E60619E3153800264C10 /* ProductsViewController.xib in Resources */,
				AE13E61619E3153800264C10 /* WebViewController.xib in Resources */,
				AE36AF5819E2F5B0005B4E50 /* Images.xcassets in Resources */,
				AE13E61219E3153800264C10 /* UserProfileViewController.xib in Resources */,
				AE13E60219E3153800264C10 /* ProductDetailViewController.xib in Resources */,
			);
			runOnlyForDeploymentPostprocessing = 0;
		};
		AE36AF5E19E2F5B0005B4E50 /* Resources */ = {
			isa = PBXResourcesBuildPhase;
			buildActionMask = 2147483647;
			files = (
				AE13E60F19E3153800264C10 /* TimerViewController.xib in Resources */,
				AE13E5EF19E3153800264C10 /* MessagingTableViewCell.xib in Resources */,
				AE13E5EB19E3153800264C10 /* MapKitViewController.xib in Resources */,
				AE13E61719E3153800264C10 /* WebViewController.xib in Resources */,
				AE13E60B19E3153800264C10 /* SettingsViewController.xib in Resources */,
				AE13E5E719E3153800264C10 /* LoginViewController.xib in Resources */,
				AE13E61319E3153800264C10 /* UserProfileViewController.xib in Resources */,
				AE13E60719E3153800264C10 /* ProductsViewController.xib in Resources */,
				AE13E5F719E3153800264C10 /* MFMailViewController.xib in Resources */,
				AE13E60319E3153800264C10 /* ProductDetailViewController.xib in Resources */,
				AE13E5FF19E3153800264C10 /* PickerViewController.xib in Resources */,
				AE13E5F319E3153800264C10 /* MessagingViewController.xib in Resources */,
			);
			runOnlyForDeploymentPostprocessing = 0;
		};
/* End PBXResourcesBuildPhase section */

/* Begin PBXSourcesBuildPhase section */
		AE36AF4719E2F5B0005B4E50 /* Sources */ = {
			isa = PBXSourcesBuildPhase;
			buildActionMask = 2147483647;
			files = (
				AE13E5E819E3153800264C10 /* MapKitViewController.swift in Sources */,
				AE36AF5319E2F5B0005B4E50 /* ViewController.swift in Sources */,
				AE13E60419E3153800264C10 /* ProductsViewController.swift in Sources */,
				AE13E5EC19E3153800264C10 /* MessagingTableViewCell.swift in Sources */,
				AE13E60019E3153800264C10 /* ProductDetailViewController.swift in Sources */,
				AE13E5F019E3153800264C10 /* MessagingViewController.swift in Sources */,
				AE13E5E419E3153800264C10 /* LoginViewController.swift in Sources */,
				AE13E61019E3153800264C10 /* UserProfileViewController.swift in Sources */,
				AE13E60819E3153800264C10 /* SettingsViewController.swift in Sources */,
				AE13E60C19E3153800264C10 /* TimerViewController.swift in Sources */,
				AE13E61419E3153800264C10 /* WebViewController.swift in Sources */,
				AE13E5FC19E3153800264C10 /* PickerViewController.swift in Sources */,
				AE13E5F419E3153800264C10 /* MFMailViewController.swift in Sources */,
				AE36AF5119E2F5B0005B4E50 /* AppDelegate.swift in Sources */,
			);
			runOnlyForDeploymentPostprocessing = 0;
		};
		AE36AF5C19E2F5B0005B4E50 /* Sources */ = {
			isa = PBXSourcesBuildPhase;
			buildActionMask = 2147483647;
			files = (
				AE13E5FD19E3153800264C10 /* PickerViewController.swift in Sources */,
				AE13E61119E3153800264C10 /* UserProfileViewController.swift in Sources */,
				AE13E5ED19E3153800264C10 /* MessagingTableViewCell.swift in Sources */,
				AE13E5E519E3153800264C10 /* LoginViewController.swift in Sources */,
				AE13E5F519E3153800264C10 /* MFMailViewController.swift in Sources */,
				AE13E5F119E3153800264C10 /* MessagingViewController.swift in Sources */,
				AE13E5E919E3153800264C10 /* MapKitViewController.swift in Sources */,
				AE13E60519E3153800264C10 /* ProductsViewController.swift in Sources */,
				AE13E60119E3153800264C10 /* ProductDetailViewController.swift in Sources */,
				AE36AF6719E2F5B0005B4E50 /* TestAppTests.swift in Sources */,
				AE13E60D19E3153800264C10 /* TimerViewController.swift in Sources */,
				AE13E60919E3153800264C10 /* SettingsViewController.swift in Sources */,
				AE13E61519E3153800264C10 /* WebViewController.swift in Sources */,
			);
			runOnlyForDeploymentPostprocessing = 0;
		};
/* End PBXSourcesBuildPhase section */

/* Begin PBXTargetDependency section */
		AE36AF6219E2F5B0005B4E50 /* PBXTargetDependency */ = {
			isa = PBXTargetDependency;
			target = AE36AF4A19E2F5B0005B4E50 /* TestApp */;
			targetProxy = AE36AF6119E2F5B0005B4E50 /* PBXContainerItemProxy */;
		};
/* End PBXTargetDependency section */

/* Begin PBXVariantGroup section */
		AE36AF5419E2F5B0005B4E50 /* Main.storyboard */ = {
			isa = PBXVariantGroup;
			children = (
				AE36AF5519E2F5B0005B4E50 /* Base */,
			);
			name = Main.storyboard;
			sourceTree = "<group>";
		};
		AE36AF5919E2F5B0005B4E50 /* LaunchScreen.xib */ = {
			isa = PBXVariantGroup;
			children = (
				AE36AF5A19E2F5B0005B4E50 /* Base */,
			);
			name = LaunchScreen.xib;
			sourceTree = "<group>";
		};
/* End PBXVariantGroup section */

/* Begin XCBuildConfiguration section */
		AE36AF6819E2F5B0005B4E50 /* Debug */ = {
			isa = XCBuildConfiguration;
			buildSettings = {
				ALWAYS_SEARCH_USER_PATHS = NO;
				CLANG_CXX_LANGUAGE_STANDARD = "gnu++0x";
				CLANG_CXX_LIBRARY = "libc++";
				CLANG_ENABLE_MODULES = YES;
				CLANG_ENABLE_OBJC_ARC = YES;
				CLANG_WARN_BOOL_CONVERSION = YES;
				CLANG_WARN_CONSTANT_CONVERSION = YES;
				CLANG_WARN_DIRECT_OBJC_ISA_USAGE = YES_ERROR;
				CLANG_WARN_EMPTY_BODY = YES;
				CLANG_WARN_ENUM_CONVERSION = YES;
				CLANG_WARN_INT_CONVERSION = YES;
				CLANG_WARN_OBJC_ROOT_CLASS = YES_ERROR;
				CLANG_WARN_UNREACHABLE_CODE = YES;
				CLANG_WARN__DUPLICATE_METHOD_MATCH = YES;
				"CODE_SIGN_IDENTITY[sdk=iphoneos*]" = "iPhone Developer";
				COPY_PHASE_STRIP = NO;
				ENABLE_STRICT_OBJC_MSGSEND = YES;
				GCC_C_LANGUAGE_STANDARD = gnu99;
				GCC_DYNAMIC_NO_PIC = NO;
				GCC_OPTIMIZATION_LEVEL = 0;
				GCC_PREPROCESSOR_DEFINITIONS = (
					"DEBUG=1",
					"$(inherited)",
				);
				GCC_SYMBOLS_PRIVATE_EXTERN = NO;
				GCC_WARN_64_TO_32_BIT_CONVERSION = YES;
				GCC_WARN_ABOUT_RETURN_TYPE = YES_ERROR;
				GCC_WARN_UNDECLARED_SELECTOR = YES;
				GCC_WARN_UNINITIALIZED_AUTOS = YES_AGGRESSIVE;
				GCC_WARN_UNUSED_FUNCTION = YES;
				GCC_WARN_UNUSED_VARIABLE = YES;
				IPHONEOS_DEPLOYMENT_TARGET = 8.0;
				MTL_ENABLE_DEBUG_INFO = YES;
				ONLY_ACTIVE_ARCH = YES;
				SDKROOT = iphoneos;
				SWIFT_OPTIMIZATION_LEVEL = "-Onone";
			};
			name = Debug;
		};
		AE36AF6919E2F5B0005B4E50 /* Release */ = {
			isa = XCBuildConfiguration;
			buildSettings = {
				ALWAYS_SEARCH_USER_PATHS = NO;
				CLANG_CXX_LANGUAGE_STANDARD = "gnu++0x";
				CLANG_CXX_LIBRARY = "libc++";
				CLANG_ENABLE_MODULES = YES;
				CLANG_ENABLE_OBJC_ARC = YES;
				CLANG_WARN_BOOL_CONVERSION = YES;
				CLANG_WARN_CONSTANT_CONVERSION = YES;
				CLANG_WARN_DIRECT_OBJC_ISA_USAGE = YES_ERROR;
				CLANG_WARN_EMPTY_BODY = YES;
				CLANG_WARN_ENUM_CONVERSION = YES;
				CLANG_WARN_INT_CONVERSION = YES;
				CLANG_WARN_OBJC_ROOT_CLASS = YES_ERROR;
				CLANG_WARN_UNREACHABLE_CODE = YES;
				CLANG_WARN__DUPLICATE_METHOD_MATCH = YES;
				"CODE_SIGN_IDENTITY[sdk=iphoneos*]" = "iPhone Developer";
				COPY_PHASE_STRIP = YES;
				ENABLE_NS_ASSERTIONS = NO;
				ENABLE_STRICT_OBJC_MSGSEND = YES;
				GCC_C_LANGUAGE_STANDARD = gnu99;
				GCC_WARN_64_TO_32_BIT_CONVERSION = YES;
				GCC_WARN_ABOUT_RETURN_TYPE = YES_ERROR;
				GCC_WARN_UNDECLARED_SELECTOR = YES;
				GCC_WARN_UNINITIALIZED_AUTOS = YES_AGGRESSIVE;
				GCC_WARN_UNUSED_FUNCTION = YES;
				GCC_WARN_UNUSED_VARIABLE = YES;
				IPHONEOS_DEPLOYMENT_TARGET = 8.0;
				MTL_ENABLE_DEBUG_INFO = NO;
				SDKROOT = iphoneos;
				VALIDATE_PRODUCT = YES;
			};
			name = Release;
		};
		AE36AF6B19E2F5B0005B4E50 /* Debug */ = {
			isa = XCBuildConfiguration;
			buildSettings = {
				ASSETCATALOG_COMPILER_APPICON_NAME = AppIcon;
				INFOPLIST_FILE = TestApp/Info.plist;
				LD_RUNPATH_SEARCH_PATHS = "$(inherited) @executable_path/Frameworks";
				PRODUCT_NAME = "$(TARGET_NAME)";
			};
			name = Debug;
		};
		AE36AF6C19E2F5B0005B4E50 /* Release */ = {
			isa = XCBuildConfiguration;
			buildSettings = {
				ASSETCATALOG_COMPILER_APPICON_NAME = AppIcon;
				INFOPLIST_FILE = TestApp/Info.plist;
				LD_RUNPATH_SEARCH_PATHS = "$(inherited) @executable_path/Frameworks";
				PRODUCT_NAME = "$(TARGET_NAME)";
			};
			name = Release;
		};
		AE36AF6E19E2F5B0005B4E50 /* Debug */ = {
			isa = XCBuildConfiguration;
			buildSettings = {
				BUNDLE_LOADER = "$(TEST_HOST)";
				FRAMEWORK_SEARCH_PATHS = (
					"$(SDKROOT)/Developer/Library/Frameworks",
					"$(inherited)",
				);
				GCC_PREPROCESSOR_DEFINITIONS = (
					"DEBUG=1",
					"$(inherited)",
				);
				INFOPLIST_FILE = TestAppTests/Info.plist;
				LD_RUNPATH_SEARCH_PATHS = "$(inherited) @executable_path/Frameworks @loader_path/Frameworks";
				PRODUCT_NAME = "$(TARGET_NAME)";
				TEST_HOST = "$(BUILT_PRODUCTS_DIR)/TestApp.app/TestApp";
			};
			name = Debug;
		};
		AE36AF6F19E2F5B0005B4E50 /* Release */ = {
			isa = XCBuildConfiguration;
			buildSettings = {
				BUNDLE_LOADER = "$(TEST_HOST)";
				FRAMEWORK_SEARCH_PATHS = (
					"$(SDKROOT)/Developer/Library/Frameworks",
					"$(inherited)",
				);
				INFOPLIST_FILE = TestAppTests/Info.plist;
				LD_RUNPATH_SEARCH_PATHS = "$(inherited) @executable_path/Frameworks @loader_path/Frameworks";
				PRODUCT_NAME = "$(TARGET_NAME)";
				TEST_HOST = "$(BUILT_PRODUCTS_DIR)/TestApp.app/TestApp";
			};
			name = Release;
		};
/* End XCBuildConfiguration section */

/* Begin XCConfigurationList section */
		AE36AF4619E2F5B0005B4E50 /* Build configuration list for PBXProject "TestApp" */ = {
			isa = XCConfigurationList;
			buildConfigurations = (
				AE36AF6819E2F5B0005B4E50 /* Debug */,
				AE36AF6919E2F5B0005B4E50 /* Release */,
			);
			defaultConfigurationIsVisible = 0;
			defaultConfigurationName = Release;
		};
		AE36AF6A19E2F5B0005B4E50 /* Build configuration list for PBXNativeTarget "TestApp" */ = {
			isa = XCConfigurationList;
			buildConfigurations = (
				AE36AF6B19E2F5B0005B4E50 /* Debug */,
				AE36AF6C19E2F5B0005B4E50 /* Release */,
			);
			defaultConfigurationIsVisible = 0;
			defaultConfigurationName = Release;
		};
		AE36AF6D19E2F5B0005B4E50 /* Build configuration list for PBXNativeTarget "TestAppTests" */ = {
			isa = XCConfigurationList;
			buildConfigurations = (
				AE36AF6E19E2F5B0005B4E50 /* Debug */,
				AE36AF6F19E2F5B0005B4E50 /* Release */,
			);
			defaultConfigurationIsVisible = 0;
			defaultConfigurationName = Release;
		};
/* End XCConfigurationList section */
	};
	rootObject = AE36AF4319E2F5B0005B4E50 /* Project object */;
}
