// !$*UTF8*$!
{
	archiveVersion = 1;
	classes = {
	};
	objectVersion = 46;
	objects = {

/* Begin PBXBuildFile section */
		C9D6BDF11A105FDB00B90FB9 /* main.m in Sources */ = {isa = PBXBuildFile; fileRef = C9D6BDF01A105FDB00B90FB9 /* main.m */; };
		C9D6BDF41A105FDB00B90FB9 /* AppDelegate.m in Sources */ = {isa = PBXBuildFile; fileRef = C9D6BDF31A105FDB00B90FB9 /* AppDelegate.m */; };
		C9D6BDF71A105FDB00B90FB9 /* ViewController.m in Sources */ = {isa = PBXBuildFile; fileRef = C9D6BDF61A105FDB00B90FB9 /* ViewController.m */; };
		C9D6BDFA1A105FDB00B90FB9 /* Main.storyboard in Resources */ = {isa = PBXBuildFile; fileRef = C9D6BDF81A105FDB00B90FB9 /* Main.storyboard */; };
		C9D6BDFC1A105FDB00B90FB9 /* Images.xcassets in Resources */ = {isa = PBXBuildFile; fileRef = C9D6BDFB1A105FDB00B90FB9 /* Images.xcassets */; };
		C9D6BDFF1A105FDB00B90FB9 /* LaunchScreen.xib in Resources */ = {isa = PBXBuildFile; fileRef = C9D6BDFD1A105FDB00B90FB9 /* LaunchScreen.xib */; };
		C9D6BE0B1A105FDB00B90FB9 /* timer_objcTests.m in Sources */ = {isa = PBXBuildFile; fileRef = C9D6BE0A1A105FDB00B90FB9 /* timer_objcTests.m */; };
/* End PBXBuildFile section */

/* Begin PBXContainerItemProxy section */
		C9D6BE051A105FDB00B90FB9 /* PBXContainerItemProxy */ = {
			isa = PBXContainerItemProxy;
			containerPortal = C9D6BDE31A105FDB00B90FB9 /* Project object */;
			proxyType = 1;
			remoteGlobalIDString = C9D6BDEA1A105FDB00B90FB9;
			remoteInfo = "timer-objc";
		};
/* End PBXContainerItemProxy section */

/* Begin PBXFileReference section */
		C9D6BDEB1A105FDB00B90FB9 /* timer-objc.app */ = {isa = PBXFileReference; explicitFileType = wrapper.application; includeInIndex = 0; path = "timer-objc.app"; sourceTree = BUILT_PRODUCTS_DIR; };
		C9D6BDEF1A105FDB00B90FB9 /* Info.plist */ = {isa = PBXFileReference; lastKnownFileType = text.plist.xml; path = Info.plist; sourceTree = "<group>"; };
		C9D6BDF01A105FDB00B90FB9 /* main.m */ = {isa = PBXFileReference; lastKnownFileType = sourcecode.c.objc; path = main.m; sourceTree = "<group>"; };
		C9D6BDF21A105FDB00B90FB9 /* AppDelegate.h */ = {isa = PBXFileReference; lastKnownFileType = sourcecode.c.h; path = AppDelegate.h; sourceTree = "<group>"; };
		C9D6BDF31A105FDB00B90FB9 /* AppDelegate.m */ = {isa = PBXFileReference; lastKnownFileType = sourcecode.c.objc; path = AppDelegate.m; sourceTree = "<group>"; };
		C9D6BDF51A105FDB00B90FB9 /* ViewController.h */ = {isa = PBXFileReference; lastKnownFileType = sourcecode.c.h; path = ViewController.h; sourceTree = "<group>"; };
		C9D6BDF61A105FDB00B90FB9 /* ViewController.m */ = {isa = PBXFileReference; lastKnownFileType = sourcecode.c.objc; path = ViewController.m; sourceTree = "<group>"; };
		C9D6BDF91A105FDB00B90FB9 /* Base */ = {isa = PBXFileReference; lastKnownFileType = file.storyboard; name = Base; path = Base.lproj/Main.storyboard; sourceTree = "<group>"; };
		C9D6BDFB1A105FDB00B90FB9 /* Images.xcassets */ = {isa = PBXFileReference; lastKnownFileType = folder.assetcatalog; path = Images.xcassets; sourceTree = "<group>"; };
		C9D6BDFE1A105FDB00B90FB9 /* Base */ = {isa = PBXFileReference; lastKnownFileType = file.xib; name = Base; path = Base.lproj/LaunchScreen.xib; sourceTree = "<group>"; };
		C9D6BE041A105FDB00B90FB9 /* timer-objcTests.xctest */ = {isa = PBXFileReference; explicitFileType = wrapper.cfbundle; includeInIndex = 0; path = "timer-objcTests.xctest"; sourceTree = BUILT_PRODUCTS_DIR; };
		C9D6BE091A105FDB00B90FB9 /* Info.plist */ = {isa = PBXFileReference; lastKnownFileType = text.plist.xml; path = Info.plist; sourceTree = "<group>"; };
		C9D6BE0A1A105FDB00B90FB9 /* timer_objcTests.m */ = {isa = PBXFileReference; lastKnownFileType = sourcecode.c.objc; path = timer_objcTests.m; sourceTree = "<group>"; };
/* End PBXFileReference section */

/* Begin PBXFrameworksBuildPhase section */
		C9D6BDE81A105FDB00B90FB9 /* Frameworks */ = {
			isa = PBXFrameworksBuildPhase;
			buildActionMask = 2147483647;
			files = (
			);
			runOnlyForDeploymentPostprocessing = 0;
		};
		C9D6BE011A105FDB00B90FB9 /* Frameworks */ = {
			isa = PBXFrameworksBuildPhase;
			buildActionMask = 2147483647;
			files = (
			);
			runOnlyForDeploymentPostprocessing = 0;
		};
/* End PBXFrameworksBuildPhase section */

/* Begin PBXGroup section */
		C9D6BDE21A105FDB00B90FB9 = {
			isa = PBXGroup;
			children = (
				C9D6BDED1A105FDB00B90FB9 /* timer-objc */,
				C9D6BE071A105FDB00B90FB9 /* timer-objcTests */,
				C9D6BDEC1A105FDB00B90FB9 /* Products */,
			);
			sourceTree = "<group>";
		};
		C9D6BDEC1A105FDB00B90FB9 /* Products */ = {
			isa = PBXGroup;
			children = (
				C9D6BDEB1A105FDB00B90FB9 /* timer-objc.app */,
				C9D6BE041A105FDB00B90FB9 /* timer-objcTests.xctest */,
			);
			name = Products;
			sourceTree = "<group>";
		};
		C9D6BDED1A105FDB00B90FB9 /* timer-objc */ = {
			isa = PBXGroup;
			children = (
				C9D6BDF21A105FDB00B90FB9 /* AppDelegate.h */,
				C9D6BDF31A105FDB00B90FB9 /* AppDelegate.m */,
				C9D6BDF51A105FDB00B90FB9 /* ViewController.h */,
				C9D6BDF61A105FDB00B90FB9 /* ViewController.m */,
				C9D6BDF81A105FDB00B90FB9 /* Main.storyboard */,
				C9D6BDFB1A105FDB00B90FB9 /* Images.xcassets */,
				C9D6BDFD1A105FDB00B90FB9 /* LaunchScreen.xib */,
				C9D6BDEE1A105FDB00B90FB9 /* Supporting Files */,
			);
			path = "timer-objc";
			sourceTree = "<group>";
		};
		C9D6BDEE1A105FDB00B90FB9 /* Supporting Files */ = {
			isa = PBXGroup;
			children = (
				C9D6BDEF1A105FDB00B90FB9 /* Info.plist */,
				C9D6BDF01A105FDB00B90FB9 /* main.m */,
			);
			name = "Supporting Files";
			sourceTree = "<group>";
		};
		C9D6BE071A105FDB00B90FB9 /* timer-objcTests */ = {
			isa = PBXGroup;
			children = (
				C9D6BE0A1A105FDB00B90FB9 /* timer_objcTests.m */,
				C9D6BE081A105FDB00B90FB9 /* Supporting Files */,
			);
			path = "timer-objcTests";
			sourceTree = "<group>";
		};
		C9D6BE081A105FDB00B90FB9 /* Supporting Files */ = {
			isa = PBXGroup;
			children = (
				C9D6BE091A105FDB00B90FB9 /* Info.plist */,
			);
			name = "Supporting Files";
			sourceTree = "<group>";
		};
/* End PBXGroup section */

/* Begin PBXNativeTarget section */
		C9D6BDEA1A105FDB00B90FB9 /* timer-objc */ = {
			isa = PBXNativeTarget;
			buildConfigurationList = C9D6BE0E1A105FDB00B90FB9 /* Build configuration list for PBXNativeTarget "timer-objc" */;
			buildPhases = (
				C9D6BDE71A105FDB00B90FB9 /* Sources */,
				C9D6BDE81A105FDB00B90FB9 /* Frameworks */,
				C9D6BDE91A105FDB00B90FB9 /* Resources */,
			);
			buildRules = (
			);
			dependencies = (
			);
			name = "timer-objc";
			productName = "timer-objc";
			productReference = C9D6BDEB1A105FDB00B90FB9 /* timer-objc.app */;
			productType = "com.apple.product-type.application";
		};
		C9D6BE031A105FDB00B90FB9 /* timer-objcTests */ = {
			isa = PBXNativeTarget;
			buildConfigurationList = C9D6BE111A105FDB00B90FB9 /* Build configuration list for PBXNativeTarget "timer-objcTests" */;
			buildPhases = (
				C9D6BE001A105FDB00B90FB9 /* Sources */,
				C9D6BE011A105FDB00B90FB9 /* Frameworks */,
				C9D6BE021A105FDB00B90FB9 /* Resources */,
			);
			buildRules = (
			);
			dependencies = (
				C9D6BE061A105FDB00B90FB9 /* PBXTargetDependency */,
			);
			name = "timer-objcTests";
			productName = "timer-objcTests";
			productReference = C9D6BE041A105FDB00B90FB9 /* timer-objcTests.xctest */;
			productType = "com.apple.product-type.bundle.unit-test";
		};
/* End PBXNativeTarget section */

/* Begin PBXProject section */
		C9D6BDE31A105FDB00B90FB9 /* Project object */ = {
			isa = PBXProject;
			attributes = {
				LastUpgradeCheck = 0610;
				ORGANIZATIONNAME = Matt;
				TargetAttributes = {
					C9D6BDEA1A105FDB00B90FB9 = {
						CreatedOnToolsVersion = 6.1;
					};
					C9D6BE031A105FDB00B90FB9 = {
						CreatedOnToolsVersion = 6.1;
						TestTargetID = C9D6BDEA1A105FDB00B90FB9;
					};
				};
			};
			buildConfigurationList = C9D6BDE61A105FDB00B90FB9 /* Build configuration list for PBXProject "timer-objc" */;
			compatibilityVersion = "Xcode 3.2";
			developmentRegion = English;
			hasScannedForEncodings = 0;
			knownRegions = (
				en,
				Base,
			);
			mainGroup = C9D6BDE21A105FDB00B90FB9;
			productRefGroup = C9D6BDEC1A105FDB00B90FB9 /* Products */;
			projectDirPath = "";
			projectRoot = "";
			targets = (
				C9D6BDEA1A105FDB00B90FB9 /* timer-objc */,
				C9D6BE031A105FDB00B90FB9 /* timer-objcTests */,
			);
		};
/* End PBXProject section */

/* Begin PBXResourcesBuildPhase section */
		C9D6BDE91A105FDB00B90FB9 /* Resources */ = {
			isa = PBXResourcesBuildPhase;
			buildActionMask = 2147483647;
			files = (
				C9D6BDFA1A105FDB00B90FB9 /* Main.storyboard in Resources */,
				C9D6BDFF1A105FDB00B90FB9 /* LaunchScreen.xib in Resources */,
				C9D6BDFC1A105FDB00B90FB9 /* Images.xcassets in Resources */,
			);
			runOnlyForDeploymentPostprocessing = 0;
		};
		C9D6BE021A105FDB00B90FB9 /* Resources */ = {
			isa = PBXResourcesBuildPhase;
			buildActionMask = 2147483647;
			files = (
			);
			runOnlyForDeploymentPostprocessing = 0;
		};
/* End PBXResourcesBuildPhase section */

/* Begin PBXSourcesBuildPhase section */
		C9D6BDE71A105FDB00B90FB9 /* Sources */ = {
			isa = PBXSourcesBuildPhase;
			buildActionMask = 2147483647;
			files = (
				C9D6BDF71A105FDB00B90FB9 /* ViewController.m in Sources */,
				C9D6BDF41A105FDB00B90FB9 /* AppDelegate.m in Sources */,
				C9D6BDF11A105FDB00B90FB9 /* main.m in Sources */,
			);
			runOnlyForDeploymentPostprocessing = 0;
		};
		C9D6BE001A105FDB00B90FB9 /* Sources */ = {
			isa = PBXSourcesBuildPhase;
			buildActionMask = 2147483647;
			files = (
				C9D6BE0B1A105FDB00B90FB9 /* timer_objcTests.m in Sources */,
			);
			runOnlyForDeploymentPostprocessing = 0;
		};
/* End PBXSourcesBuildPhase section */

/* Begin PBXTargetDependency section */
		C9D6BE061A105FDB00B90FB9 /* PBXTargetDependency */ = {
			isa = PBXTargetDependency;
			target = C9D6BDEA1A105FDB00B90FB9 /* timer-objc */;
			targetProxy = C9D6BE051A105FDB00B90FB9 /* PBXContainerItemProxy */;
		};
/* End PBXTargetDependency section */

/* Begin PBXVariantGroup section */
		C9D6BDF81A105FDB00B90FB9 /* Main.storyboard */ = {
			isa = PBXVariantGroup;
			children = (
				C9D6BDF91A105FDB00B90FB9 /* Base */,
			);
			name = Main.storyboard;
			sourceTree = "<group>";
		};
		C9D6BDFD1A105FDB00B90FB9 /* LaunchScreen.xib */ = {
			isa = PBXVariantGroup;
			children = (
				C9D6BDFE1A105FDB00B90FB9 /* Base */,
			);
			name = LaunchScreen.xib;
			sourceTree = "<group>";
		};
/* End PBXVariantGroup section */

/* Begin XCBuildConfiguration section */
		C9D6BE0C1A105FDB00B90FB9 /* Debug */ = {
			isa = XCBuildConfiguration;
			buildSettings = {
				ALWAYS_SEARCH_USER_PATHS = NO;
				CLANG_CXX_LANGUAGE_STANDARD = "gnu++0x";
				CLANG_CXX_LIBRARY = "libc++";
				CLANG_ENABLE_MODULES = YES;
				CLANG_ENABLE_OBJC_ARC = YES;
				CLANG_WARN_BOOL_CONVERSION = YES;
				CLANG_WARN_CONSTANT_CONVERSION = YES;
				CLANG_WARN_DIRECT_OBJC_ISA_USAGE = YES_ERROR;
				CLANG_WARN_EMPTY_BODY = YES;
				CLANG_WARN_ENUM_CONVERSION = YES;
				CLANG_WARN_INT_CONVERSION = YES;
				CLANG_WARN_OBJC_ROOT_CLASS = YES_ERROR;
				CLANG_WARN_UNREACHABLE_CODE = YES;
				CLANG_WARN__DUPLICATE_METHOD_MATCH = YES;
				"CODE_SIGN_IDENTITY[sdk=iphoneos*]" = "iPhone Developer";
				COPY_PHASE_STRIP = NO;
				ENABLE_STRICT_OBJC_MSGSEND = YES;
				GCC_C_LANGUAGE_STANDARD = gnu99;
				GCC_DYNAMIC_NO_PIC = NO;
				GCC_OPTIMIZATION_LEVEL = 0;
				GCC_PREPROCESSOR_DEFINITIONS = (
					"DEBUG=1",
					"$(inherited)",
				);
				GCC_SYMBOLS_PRIVATE_EXTERN = NO;
				GCC_WARN_64_TO_32_BIT_CONVERSION = YES;
				GCC_WARN_ABOUT_RETURN_TYPE = YES_ERROR;
				GCC_WARN_UNDECLARED_SELECTOR = YES;
				GCC_WARN_UNINITIALIZED_AUTOS = YES_AGGRESSIVE;
				GCC_WARN_UNUSED_FUNCTION = YES;
				GCC_WARN_UNUSED_VARIABLE = YES;
				IPHONEOS_DEPLOYMENT_TARGET = 8.1;
				MTL_ENABLE_DEBUG_INFO = YES;
				ONLY_ACTIVE_ARCH = YES;
				SDKROOT = iphoneos;
			};
			name = Debug;
		};
		C9D6BE0D1A105FDB00B90FB9 /* Release */ = {
			isa = XCBuildConfiguration;
			buildSettings = {
				ALWAYS_SEARCH_USER_PATHS = NO;
				CLANG_CXX_LANGUAGE_STANDARD = "gnu++0x";
				CLANG_CXX_LIBRARY = "libc++";
				CLANG_ENABLE_MODULES = YES;
				CLANG_ENABLE_OBJC_ARC = YES;
				CLANG_WARN_BOOL_CONVERSION = YES;
				CLANG_WARN_CONSTANT_CONVERSION = YES;
				CLANG_WARN_DIRECT_OBJC_ISA_USAGE = YES_ERROR;
				CLANG_WARN_EMPTY_BODY = YES;
				CLANG_WARN_ENUM_CONVERSION = YES;
				CLANG_WARN_INT_CONVERSION = YES;
				CLANG_WARN_OBJC_ROOT_CLASS = YES_ERROR;
				CLANG_WARN_UNREACHABLE_CODE = YES;
				CLANG_WARN__DUPLICATE_METHOD_MATCH = YES;
				"CODE_SIGN_IDENTITY[sdk=iphoneos*]" = "iPhone Developer";
				COPY_PHASE_STRIP = YES;
				ENABLE_NS_ASSERTIONS = NO;
				ENABLE_STRICT_OBJC_MSGSEND = YES;
				GCC_C_LANGUAGE_STANDARD = gnu99;
				GCC_WARN_64_TO_32_BIT_CONVERSION = YES;
				GCC_WARN_ABOUT_RETURN_TYPE = YES_ERROR;
				GCC_WARN_UNDECLARED_SELECTOR = YES;
				GCC_WARN_UNINITIALIZED_AUTOS = YES_AGGRESSIVE;
				GCC_WARN_UNUSED_FUNCTION = YES;
				GCC_WARN_UNUSED_VARIABLE = YES;
				IPHONEOS_DEPLOYMENT_TARGET = 8.1;
				MTL_ENABLE_DEBUG_INFO = NO;
				SDKROOT = iphoneos;
				VALIDATE_PRODUCT = YES;
			};
			name = Release;
		};
		C9D6BE0F1A105FDB00B90FB9 /* Debug */ = {
			isa = XCBuildConfiguration;
			buildSettings = {
				ASSETCATALOG_COMPILER_APPICON_NAME = AppIcon;
				INFOPLIST_FILE = "timer-objc/Info.plist";
				LD_RUNPATH_SEARCH_PATHS = "$(inherited) @executable_path/Frameworks";
				PRODUCT_NAME = "$(TARGET_NAME)";
			};
			name = Debug;
		};
		C9D6BE101A105FDB00B90FB9 /* Release */ = {
			isa = XCBuildConfiguration;
			buildSettings = {
				ASSETCATALOG_COMPILER_APPICON_NAME = AppIcon;
				INFOPLIST_FILE = "timer-objc/Info.plist";
				LD_RUNPATH_SEARCH_PATHS = "$(inherited) @executable_path/Frameworks";
				PRODUCT_NAME = "$(TARGET_NAME)";
			};
			name = Release;
		};
		C9D6BE121A105FDB00B90FB9 /* Debug */ = {
			isa = XCBuildConfiguration;
			buildSettings = {
				BUNDLE_LOADER = "$(TEST_HOST)";
				FRAMEWORK_SEARCH_PATHS = (
					"$(SDKROOT)/Developer/Library/Frameworks",
					"$(inherited)",
				);
				GCC_PREPROCESSOR_DEFINITIONS = (
					"DEBUG=1",
					"$(inherited)",
				);
				INFOPLIST_FILE = "timer-objcTests/Info.plist";
				LD_RUNPATH_SEARCH_PATHS = "$(inherited) @executable_path/Frameworks @loader_path/Frameworks";
				PRODUCT_NAME = "$(TARGET_NAME)";
				TEST_HOST = "$(BUILT_PRODUCTS_DIR)/timer-objc.app/timer-objc";
			};
			name = Debug;
		};
		C9D6BE131A105FDB00B90FB9 /* Release */ = {
			isa = XCBuildConfiguration;
			buildSettings = {
				BUNDLE_LOADER = "$(TEST_HOST)";
				FRAMEWORK_SEARCH_PATHS = (
					"$(SDKROOT)/Developer/Library/Frameworks",
					"$(inherited)",
				);
				INFOPLIST_FILE = "timer-objcTests/Info.plist";
				LD_RUNPATH_SEARCH_PATHS = "$(inherited) @executable_path/Frameworks @loader_path/Frameworks";
				PRODUCT_NAME = "$(TARGET_NAME)";
				TEST_HOST = "$(BUILT_PRODUCTS_DIR)/timer-objc.app/timer-objc";
			};
			name = Release;
		};
/* End XCBuildConfiguration section */

/* Begin XCConfigurationList section */
		C9D6BDE61A105FDB00B90FB9 /* Build configuration list for PBXProject "timer-objc" */ = {
			isa = XCConfigurationList;
			buildConfigurations = (
				C9D6BE0C1A105FDB00B90FB9 /* Debug */,
				C9D6BE0D1A105FDB00B90FB9 /* Release */,
			);
			defaultConfigurationIsVisible = 0;
			defaultConfigurationName = Release;
		};
		C9D6BE0E1A105FDB00B90FB9 /* Build configuration list for PBXNativeTarget "timer-objc" */ = {
			isa = XCConfigurationList;
			buildConfigurations = (
				C9D6BE0F1A105FDB00B90FB9 /* Debug */,
				C9D6BE101A105FDB00B90FB9 /* Release */,
			);
			defaultConfigurationIsVisible = 0;
		};
		C9D6BE111A105FDB00B90FB9 /* Build configuration list for PBXNativeTarget "timer-objcTests" */ = {
			isa = XCConfigurationList;
			buildConfigurations = (
				C9D6BE121A105FDB00B90FB9 /* Debug */,
				C9D6BE131A105FDB00B90FB9 /* Release */,
			);
			defaultConfigurationIsVisible = 0;
		};
/* End XCConfigurationList section */
	};
	rootObject = C9D6BDE31A105FDB00B90FB9 /* Project object */;
}
